// !$*UTF8*$!
{
	archiveVersion = 1;
	classes = {
	};
	objectVersion = 48;
	objects = {

/* Begin PBXBuildFile section */
		340BD4101F7A34200035BE31 /* AppDelegate.m in Sources */ = {isa = PBXBuildFile; fileRef = 340BD40F1F7A34200035BE31 /* AppDelegate.m */; };
		340BD4131F7A34200035BE31 /* ViewController.m in Sources */ = {isa = PBXBuildFile; fileRef = 340BD4121F7A34200035BE31 /* ViewController.m */; };
		340BD4161F7A34200035BE31 /* Main.storyboard in Resources */ = {isa = PBXBuildFile; fileRef = 340BD4141F7A34200035BE31 /* Main.storyboard */; };
		340BD4181F7A34200035BE31 /* Assets.xcassets in Resources */ = {isa = PBXBuildFile; fileRef = 340BD4171F7A34200035BE31 /* Assets.xcassets */; };
		340BD41B1F7A34200035BE31 /* LaunchScreen.storyboard in Resources */ = {isa = PBXBuildFile; fileRef = 340BD4191F7A34200035BE31 /* LaunchScreen.storyboard */; };
		340BD41E1F7A34200035BE31 /* main.m in Sources */ = {isa = PBXBuildFile; fileRef = 340BD41D1F7A34200035BE31 /* main.m */; };
		340BD4281F7A34210035BE31 /* ZMNetworkTests.m in Sources */ = {isa = PBXBuildFile; fileRef = 340BD4271F7A34210035BE31 /* ZMNetworkTests.m */; };
		340BD4331F7A34210035BE31 /* ZMNetworkUITests.m in Sources */ = {isa = PBXBuildFile; fileRef = 340BD4321F7A34210035BE31 /* ZMNetworkUITests.m */; };
/* End PBXBuildFile section */

/* Begin PBXContainerItemProxy section */
		340BD4241F7A34210035BE31 /* PBXContainerItemProxy */ = {
			isa = PBXContainerItemProxy;
			containerPortal = 340BD4031F7A34200035BE31 /* Project object */;
			proxyType = 1;
			remoteGlobalIDString = 340BD40A1F7A34200035BE31;
			remoteInfo = ZMNetwork;
		};
		340BD42F1F7A34210035BE31 /* PBXContainerItemProxy */ = {
			isa = PBXContainerItemProxy;
			containerPortal = 340BD4031F7A34200035BE31 /* Project object */;
			proxyType = 1;
			remoteGlobalIDString = 340BD40A1F7A34200035BE31;
			remoteInfo = ZMNetwork;
		};
/* End PBXContainerItemProxy section */

/* Begin PBXFileReference section */
		340BD40B1F7A34200035BE31 /* ZMNetwork.app */ = {isa = PBXFileReference; explicitFileType = wrapper.application; includeInIndex = 0; path = ZMNetwork.app; sourceTree = BUILT_PRODUCTS_DIR; };
		340BD40E1F7A34200035BE31 /* AppDelegate.h */ = {isa = PBXFileReference; lastKnownFileType = sourcecode.c.h; path = AppDelegate.h; sourceTree = "<group>"; };
		340BD40F1F7A34200035BE31 /* AppDelegate.m */ = {isa = PBXFileReference; lastKnownFileType = sourcecode.c.objc; path = AppDelegate.m; sourceTree = "<group>"; };
		340BD4111F7A34200035BE31 /* ViewController.h */ = {isa = PBXFileReference; lastKnownFileType = sourcecode.c.h; path = ViewController.h; sourceTree = "<group>"; };
		340BD4121F7A34200035BE31 /* ViewController.m */ = {isa = PBXFileReference; lastKnownFileType = sourcecode.c.objc; path = ViewController.m; sourceTree = "<group>"; };
		340BD4151F7A34200035BE31 /* Base */ = {isa = PBXFileReference; lastKnownFileType = file.storyboard; name = Base; path = Base.lproj/Main.storyboard; sourceTree = "<group>"; };
		340BD4171F7A34200035BE31 /* Assets.xcassets */ = {isa = PBXFileReference; lastKnownFileType = folder.assetcatalog; path = Assets.xcassets; sourceTree = "<group>"; };
		340BD41A1F7A34200035BE31 /* Base */ = {isa = PBXFileReference; lastKnownFileType = file.storyboard; name = Base; path = Base.lproj/LaunchScreen.storyboard; sourceTree = "<group>"; };
		340BD41C1F7A34200035BE31 /* Info.plist */ = {isa = PBXFileReference; lastKnownFileType = text.plist.xml; path = Info.plist; sourceTree = "<group>"; };
		340BD41D1F7A34200035BE31 /* main.m */ = {isa = PBXFileReference; lastKnownFileType = sourcecode.c.objc; path = main.m; sourceTree = "<group>"; };
		340BD4231F7A34210035BE31 /* ZMNetworkTests.xctest */ = {isa = PBXFileReference; explicitFileType = wrapper.cfbundle; includeInIndex = 0; path = ZMNetworkTests.xctest; sourceTree = BUILT_PRODUCTS_DIR; };
		340BD4271F7A34210035BE31 /* ZMNetworkTests.m */ = {isa = PBXFileReference; lastKnownFileType = sourcecode.c.objc; path = ZMNetworkTests.m; sourceTree = "<group>"; };
		340BD4291F7A34210035BE31 /* Info.plist */ = {isa = PBXFileReference; lastKnownFileType = text.plist.xml; path = Info.plist; sourceTree = "<group>"; };
		340BD42E1F7A34210035BE31 /* ZMNetworkUITests.xctest */ = {isa = PBXFileReference; explicitFileType = wrapper.cfbundle; includeInIndex = 0; path = ZMNetworkUITests.xctest; sourceTree = BUILT_PRODUCTS_DIR; };
		340BD4321F7A34210035BE31 /* ZMNetworkUITests.m */ = {isa = PBXFileReference; lastKnownFileType = sourcecode.c.objc; path = ZMNetworkUITests.m; sourceTree = "<group>"; };
		340BD4341F7A34210035BE31 /* Info.plist */ = {isa = PBXFileReference; lastKnownFileType = text.plist.xml; path = Info.plist; sourceTree = "<group>"; };
		340BD4411F7A380C0035BE31 /* Reachability.m */ = {isa = PBXFileReference; lastKnownFileType = sourcecode.c.objc; path = Reachability.m; sourceTree = "<group>"; };
		340BD4421F7A380C0035BE31 /* Reachability.h */ = {isa = PBXFileReference; lastKnownFileType = sourcecode.c.h; path = Reachability.h; sourceTree = "<group>"; };
/* End PBXFileReference section */

/* Begin PBXFrameworksBuildPhase section */
		340BD4081F7A34200035BE31 /* Frameworks */ = {
			isa = PBXFrameworksBuildPhase;
			buildActionMask = 2147483647;
			files = (
			);
			runOnlyForDeploymentPostprocessing = 0;
		};
		340BD4201F7A34210035BE31 /* Frameworks */ = {
			isa = PBXFrameworksBuildPhase;
			buildActionMask = 2147483647;
			files = (
			);
			runOnlyForDeploymentPostprocessing = 0;
		};
		340BD42B1F7A34210035BE31 /* Frameworks */ = {
			isa = PBXFrameworksBuildPhase;
			buildActionMask = 2147483647;
			files = (
			);
			runOnlyForDeploymentPostprocessing = 0;
		};
/* End PBXFrameworksBuildPhase section */

/* Begin PBXGroup section */
		340BD4021F7A34200035BE31 = {
			isa = PBXGroup;
			children = (
				340BD40D1F7A34200035BE31 /* ZMNetwork */,
				340BD4261F7A34210035BE31 /* ZMNetworkTests */,
				340BD4311F7A34210035BE31 /* ZMNetworkUITests */,
				340BD40C1F7A34200035BE31 /* Products */,
			);
			sourceTree = "<group>";
		};
		340BD40C1F7A34200035BE31 /* Products */ = {
			isa = PBXGroup;
			children = (
				340BD40B1F7A34200035BE31 /* ZMNetwork.app */,
				340BD4231F7A34210035BE31 /* ZMNetworkTests.xctest */,
				340BD42E1F7A34210035BE31 /* ZMNetworkUITests.xctest */,
			);
			name = Products;
			sourceTree = "<group>";
		};
		340BD40D1F7A34200035BE31 /* ZMNetwork */ = {
			isa = PBXGroup;
			children = (
				340BD4401F7A34530035BE31 /* Reachability */,
				340BD40E1F7A34200035BE31 /* AppDelegate.h */,
				340BD40F1F7A34200035BE31 /* AppDelegate.m */,
				340BD4111F7A34200035BE31 /* ViewController.h */,
				340BD4121F7A34200035BE31 /* ViewController.m */,
				340BD4141F7A34200035BE31 /* Main.storyboard */,
				340BD4171F7A34200035BE31 /* Assets.xcassets */,
				340BD4191F7A34200035BE31 /* LaunchScreen.storyboard */,
				340BD41C1F7A34200035BE31 /* Info.plist */,
				340BD41D1F7A34200035BE31 /* main.m */,
			);
			path = ZMNetwork;
			sourceTree = "<group>";
		};
		340BD4261F7A34210035BE31 /* ZMNetworkTests */ = {
			isa = PBXGroup;
			children = (
				340BD4271F7A34210035BE31 /* ZMNetworkTests.m */,
				340BD4291F7A34210035BE31 /* Info.plist */,
			);
			path = ZMNetworkTests;
			sourceTree = "<group>";
		};
		340BD4311F7A34210035BE31 /* ZMNetworkUITests */ = {
			isa = PBXGroup;
			children = (
				340BD4321F7A34210035BE31 /* ZMNetworkUITests.m */,
				340BD4341F7A34210035BE31 /* Info.plist */,
			);
			path = ZMNetworkUITests;
			sourceTree = "<group>";
		};
		340BD4401F7A34530035BE31 /* Reachability */ = {
			isa = PBXGroup;
			children = (
				340BD4421F7A380C0035BE31 /* Reachability.h */,
				340BD4411F7A380C0035BE31 /* Reachability.m */,
			);
			path = Reachability;
			sourceTree = "<group>";
		};
/* End PBXGroup section */

/* Begin PBXNativeTarget section */
		340BD40A1F7A34200035BE31 /* ZMNetwork */ = {
			isa = PBXNativeTarget;
			buildConfigurationList = 340BD4371F7A34210035BE31 /* Build configuration list for PBXNativeTarget "ZMNetwork" */;
			buildPhases = (
				340BD4071F7A34200035BE31 /* Sources */,
				340BD4081F7A34200035BE31 /* Frameworks */,
				340BD4091F7A34200035BE31 /* Resources */,
			);
			buildRules = (
			);
			dependencies = (
			);
			name = ZMNetwork;
			productName = ZMNetwork;
			productReference = 340BD40B1F7A34200035BE31 /* ZMNetwork.app */;
			productType = "com.apple.product-type.application";
		};
		340BD4221F7A34210035BE31 /* ZMNetworkTests */ = {
			isa = PBXNativeTarget;
			buildConfigurationList = 340BD43A1F7A34210035BE31 /* Build configuration list for PBXNativeTarget "ZMNetworkTests" */;
			buildPhases = (
				340BD41F1F7A34210035BE31 /* Sources */,
				340BD4201F7A34210035BE31 /* Frameworks */,
				340BD4211F7A34210035BE31 /* Resources */,
			);
			buildRules = (
			);
			dependencies = (
				340BD4251F7A34210035BE31 /* PBXTargetDependency */,
			);
			name = ZMNetworkTests;
			productName = ZMNetworkTests;
			productReference = 340BD4231F7A34210035BE31 /* ZMNetworkTests.xctest */;
			productType = "com.apple.product-type.bundle.unit-test";
		};
		340BD42D1F7A34210035BE31 /* ZMNetworkUITests */ = {
			isa = PBXNativeTarget;
			buildConfigurationList = 340BD43D1F7A34210035BE31 /* Build configuration list for PBXNativeTarget "ZMNetworkUITests" */;
			buildPhases = (
				340BD42A1F7A34210035BE31 /* Sources */,
				340BD42B1F7A34210035BE31 /* Frameworks */,
				340BD42C1F7A34210035BE31 /* Resources */,
			);
			buildRules = (
			);
			dependencies = (
				340BD4301F7A34210035BE31 /* PBXTargetDependency */,
			);
			name = ZMNetworkUITests;
			productName = ZMNetworkUITests;
			productReference = 340BD42E1F7A34210035BE31 /* ZMNetworkUITests.xctest */;
			productType = "com.apple.product-type.bundle.ui-testing";
		};
/* End PBXNativeTarget section */

/* Begin PBXProject section */
		340BD4031F7A34200035BE31 /* Project object */ = {
			isa = PBXProject;
			attributes = {
				LastUpgradeCheck = 0900;
				ORGANIZATIONNAME = zhiming9;
				TargetAttributes = {
					340BD40A1F7A34200035BE31 = {
						CreatedOnToolsVersion = 9.0;
						ProvisioningStyle = Automatic;
					};
					340BD4221F7A34210035BE31 = {
						CreatedOnToolsVersion = 9.0;
						ProvisioningStyle = Automatic;
						TestTargetID = 340BD40A1F7A34200035BE31;
					};
					340BD42D1F7A34210035BE31 = {
						CreatedOnToolsVersion = 9.0;
						ProvisioningStyle = Automatic;
						TestTargetID = 340BD40A1F7A34200035BE31;
					};
				};
			};
			buildConfigurationList = 340BD4061F7A34200035BE31 /* Build configuration list for PBXProject "ZMNetwork" */;
			compatibilityVersion = "Xcode 8.0";
			developmentRegion = en;
			hasScannedForEncodings = 0;
			knownRegions = (
				en,
				Base,
			);
			mainGroup = 340BD4021F7A34200035BE31;
			productRefGroup = 340BD40C1F7A34200035BE31 /* Products */;
			projectDirPath = "";
			projectRoot = "";
			targets = (
				340BD40A1F7A34200035BE31 /* ZMNetwork */,
				340BD4221F7A34210035BE31 /* ZMNetworkTests */,
				340BD42D1F7A34210035BE31 /* ZMNetworkUITests */,
			);
		};
/* End PBXProject section */

/* Begin PBXResourcesBuildPhase section */
		340BD4091F7A34200035BE31 /* Resources */ = {
			isa = PBXResourcesBuildPhase;
			buildActionMask = 2147483647;
			files = (
				340BD41B1F7A34200035BE31 /* LaunchScreen.storyboard in Resources */,
				340BD4181F7A34200035BE31 /* Assets.xcassets in Resources */,
				340BD4161F7A34200035BE31 /* Main.storyboard in Resources */,
			);
			runOnlyForDeploymentPostprocessing = 0;
		};
		340BD4211F7A34210035BE31 /* Resources */ = {
			isa = PBXResourcesBuildPhase;
			buildActionMask = 2147483647;
			files = (
			);
			runOnlyForDeploymentPostprocessing = 0;
		};
		340BD42C1F7A34210035BE31 /* Resources */ = {
			isa = PBXResourcesBuildPhase;
			buildActionMask = 2147483647;
			files = (
			);
			runOnlyForDeploymentPostprocessing = 0;
		};
/* End PBXResourcesBuildPhase section */

/* Begin PBXSourcesBuildPhase section */
		340BD4071F7A34200035BE31 /* Sources */ = {
			isa = PBXSourcesBuildPhase;
			buildActionMask = 2147483647;
			files = (
				340BD4131F7A34200035BE31 /* ViewController.m in Sources */,
				340BD41E1F7A34200035BE31 /* main.m in Sources */,
				340BD4101F7A34200035BE31 /* AppDelegate.m in Sources */,
			);
			runOnlyForDeploymentPostprocessing = 0;
		};
		340BD41F1F7A34210035BE31 /* Sources */ = {
			isa = PBXSourcesBuildPhase;
			buildActionMask = 2147483647;
			files = (
				340BD4281F7A34210035BE31 /* ZMNetworkTests.m in Sources */,
			);
			runOnlyForDeploymentPostprocessing = 0;
		};
		340BD42A1F7A34210035BE31 /* Sources */ = {
			isa = PBXSourcesBuildPhase;
			buildActionMask = 2147483647;
			files = (
				340BD4331F7A34210035BE31 /* ZMNetworkUITests.m in Sources */,
			);
			runOnlyForDeploymentPostprocessing = 0;
		};
/* End PBXSourcesBuildPhase section */

/* Begin PBXTargetDependency section */
		340BD4251F7A34210035BE31 /* PBXTargetDependency */ = {
			isa = PBXTargetDependency;
			target = 340BD40A1F7A34200035BE31 /* ZMNetwork */;
			targetProxy = 340BD4241F7A34210035BE31 /* PBXContainerItemProxy */;
		};
		340BD4301F7A34210035BE31 /* PBXTargetDependency */ = {
			isa = PBXTargetDependency;
			target = 340BD40A1F7A34200035BE31 /* ZMNetwork */;
			targetProxy = 340BD42F1F7A34210035BE31 /* PBXContainerItemProxy */;
		};
/* End PBXTargetDependency section */

/* Begin PBXVariantGroup section */
		340BD4141F7A34200035BE31 /* Main.storyboard */ = {
			isa = PBXVariantGroup;
			children = (
				340BD4151F7A34200035BE31 /* Base */,
			);
			name = Main.storyboard;
			sourceTree = "<group>";
		};
		340BD4191F7A34200035BE31 /* LaunchScreen.storyboard */ = {
			isa = PBXVariantGroup;
			children = (
				340BD41A1F7A34200035BE31 /* Base */,
			);
			name = LaunchScreen.storyboard;
			sourceTree = "<group>";
		};
/* End PBXVariantGroup section */

/* Begin XCBuildConfiguration section */
		340BD4351F7A34210035BE31 /* Debug */ = {
			isa = XCBuildConfiguration;
			buildSettings = {
				ALWAYS_SEARCH_USER_PATHS = NO;
				CLANG_ANALYZER_NONNULL = YES;
				CLANG_ANALYZER_NUMBER_OBJECT_CONVERSION = YES_AGGRESSIVE;
				CLANG_CXX_LANGUAGE_STANDARD = "gnu++14";
				CLANG_CXX_LIBRARY = "libc++";
				CLANG_ENABLE_MODULES = YES;
				CLANG_ENABLE_OBJC_ARC = YES;
				CLANG_WARN_BLOCK_CAPTURE_AUTORELEASING = YES;
				CLANG_WARN_BOOL_CONVERSION = YES;
				CLANG_WARN_COMMA = YES;
				CLANG_WARN_CONSTANT_CONVERSION = YES;
				CLANG_WARN_DIRECT_OBJC_ISA_USAGE = YES_ERROR;
				CLANG_WARN_DOCUMENTATION_COMMENTS = YES;
				CLANG_WARN_EMPTY_BODY = YES;
				CLANG_WARN_ENUM_CONVERSION = YES;
				CLANG_WARN_INFINITE_RECURSION = YES;
				CLANG_WARN_INT_CONVERSION = YES;
				CLANG_WARN_NON_LITERAL_NULL_CONVERSION = YES;
				CLANG_WARN_OBJC_LITERAL_CONVERSION = YES;
				CLANG_WARN_OBJC_ROOT_CLASS = YES_ERROR;
				CLANG_WARN_RANGE_LOOP_ANALYSIS = YES;
				CLANG_WARN_STRICT_PROTOTYPES = YES;
				CLANG_WARN_SUSPICIOUS_MOVE = YES;
				CLANG_WARN_UNGUARDED_AVAILABILITY = YES_AGGRESSIVE;
				CLANG_WARN_UNREACHABLE_CODE = YES;
				CLANG_WARN__DUPLICATE_METHOD_MATCH = YES;
				CODE_SIGN_IDENTITY = "iPhone Developer";
				COPY_PHASE_STRIP = NO;
				DEBUG_INFORMATION_FORMAT = dwarf;
				ENABLE_STRICT_OBJC_MSGSEND = YES;
				ENABLE_TESTABILITY = YES;
				GCC_C_LANGUAGE_STANDARD = gnu11;
				GCC_DYNAMIC_NO_PIC = NO;
				GCC_NO_COMMON_BLOCKS = YES;
				GCC_OPTIMIZATION_LEVEL = 0;
				GCC_PREPROCESSOR_DEFINITIONS = (
					"DEBUG=1",
					"$(inherited)",
				);
				GCC_WARN_64_TO_32_BIT_CONVERSION = YES;
				GCC_WARN_ABOUT_RETURN_TYPE = YES_ERROR;
				GCC_WARN_UNDECLARED_SELECTOR = YES;
				GCC_WARN_UNINITIALIZED_AUTOS = YES_AGGRESSIVE;
				GCC_WARN_UNUSED_FUNCTION = YES;
				GCC_WARN_UNUSED_VARIABLE = YES;
				IPHONEOS_DEPLOYMENT_TARGET = 11.0;
				MTL_ENABLE_DEBUG_INFO = YES;
				ONLY_ACTIVE_ARCH = YES;
				SDKROOT = iphoneos;
			};
			name = Debug;
		};
		340BD4361F7A34210035BE31 /* Release */ = {
			isa = XCBuildConfiguration;
			buildSettings = {
				ALWAYS_SEARCH_USER_PATHS = NO;
				CLANG_ANALYZER_NONNULL = YES;
				CLANG_ANALYZER_NUMBER_OBJECT_CONVERSION = YES_AGGRESSIVE;
				CLANG_CXX_LANGUAGE_STANDARD = "gnu++14";
				CLANG_CXX_LIBRARY = "libc++";
				CLANG_ENABLE_MODULES = YES;
				CLANG_ENABLE_OBJC_ARC = YES;
				CLANG_WARN_BLOCK_CAPTURE_AUTORELEASING = YES;
				CLANG_WARN_BOOL_CONVERSION = YES;
				CLANG_WARN_COMMA = YES;
				CLANG_WARN_CONSTANT_CONVERSION = YES;
				CLANG_WARN_DIRECT_OBJC_ISA_USAGE = YES_ERROR;
				CLANG_WARN_DOCUMENTATION_COMMENTS = YES;
				CLANG_WARN_EMPTY_BODY = YES;
				CLANG_WARN_ENUM_CONVERSION = YES;
				CLANG_WARN_INFINITE_RECURSION = YES;
				CLANG_WARN_INT_CONVERSION = YES;
				CLANG_WARN_NON_LITERAL_NULL_CONVERSION = YES;
				CLANG_WARN_OBJC_LITERAL_CONVERSION = YES;
				CLANG_WARN_OBJC_ROOT_CLASS = YES_ERROR;
				CLANG_WARN_RANGE_LOOP_ANALYSIS = YES;
				CLANG_WARN_STRICT_PROTOTYPES = YES;
				CLANG_WARN_SUSPICIOUS_MOVE = YES;
				CLANG_WARN_UNGUARDED_AVAILABILITY = YES_AGGRESSIVE;
				CLANG_WARN_UNREACHABLE_CODE = YES;
				CLANG_WARN__DUPLICATE_METHOD_MATCH = YES;
				CODE_SIGN_IDENTITY = "iPhone Developer";
				COPY_PHASE_STRIP = NO;
				DEBUG_INFORMATION_FORMAT = "dwarf-with-dsym";
				ENABLE_NS_ASSERTIONS = NO;
				ENABLE_STRICT_OBJC_MSGSEND = YES;
				GCC_C_LANGUAGE_STANDARD = gnu11;
				GCC_NO_COMMON_BLOCKS = YES;
				GCC_WARN_64_TO_32_BIT_CONVERSION = YES;
				GCC_WARN_ABOUT_RETURN_TYPE = YES_ERROR;
				GCC_WARN_UNDECLARED_SELECTOR = YES;
				GCC_WARN_UNINITIALIZED_AUTOS = YES_AGGRESSIVE;
				GCC_WARN_UNUSED_FUNCTION = YES;
				GCC_WARN_UNUSED_VARIABLE = YES;
				IPHONEOS_DEPLOYMENT_TARGET = 11.0;
				MTL_ENABLE_DEBUG_INFO = NO;
				SDKROOT = iphoneos;
				VALIDATE_PRODUCT = YES;
			};
			name = Release;
		};
		340BD4381F7A34210035BE31 /* Debug */ = {
			isa = XCBuildConfiguration;
			buildSettings = {
				ASSETCATALOG_COMPILER_APPICON_NAME = AppIcon;
				CODE_SIGN_STYLE = Automatic;
				INFOPLIST_FILE = ZMNetwork/Info.plist;
				LD_RUNPATH_SEARCH_PATHS = "$(inherited) @executable_path/Frameworks";
				PRODUCT_BUNDLE_IDENTIFIER = SZM.ZMNetwork;
				PRODUCT_NAME = "$(TARGET_NAME)";
				TARGETED_DEVICE_FAMILY = "1,2";
			};
			name = Debug;
		};
		340BD4391F7A34210035BE31 /* Release */ = {
			isa = XCBuildConfiguration;
			buildSettings = {
				ASSETCATALOG_COMPILER_APPICON_NAME = AppIcon;
				CODE_SIGN_STYLE = Automatic;
				INFOPLIST_FILE = ZMNetwork/Info.plist;
				LD_RUNPATH_SEARCH_PATHS = "$(inherited) @executable_path/Frameworks";
				PRODUCT_BUNDLE_IDENTIFIER = SZM.ZMNetwork;
				PRODUCT_NAME = "$(TARGET_NAME)";
				TARGETED_DEVICE_FAMILY = "1,2";
			};
			name = Release;
		};
		340BD43B1F7A34210035BE31 /* Debug */ = {
			isa = XCBuildConfiguration;
			buildSettings = {
				BUNDLE_LOADER = "$(TEST_HOST)";
				CODE_SIGN_STYLE = Automatic;
				INFOPLIST_FILE = ZMNetworkTests/Info.plist;
				LD_RUNPATH_SEARCH_PATHS = "$(inherited) @executable_path/Frameworks @loader_path/Frameworks";
				PRODUCT_BUNDLE_IDENTIFIER = SZM.ZMNetworkTests;
				PRODUCT_NAME = "$(TARGET_NAME)";
				TARGETED_DEVICE_FAMILY = "1,2";
				TEST_HOST = "$(BUILT_PRODUCTS_DIR)/ZMNetwork.app/ZMNetwork";
			};
			name = Debug;
		};
		340BD43C1F7A34210035BE31 /* Release */ = {
			isa = XCBuildConfiguration;
			buildSettings = {
				BUNDLE_LOADER = "$(TEST_HOST)";
				CODE_SIGN_STYLE = Automatic;
				INFOPLIST_FILE = ZMNetworkTests/Info.plist;
				LD_RUNPATH_SEARCH_PATHS = "$(inherited) @executable_path/Frameworks @loader_path/Frameworks";
				PRODUCT_BUNDLE_IDENTIFIER = SZM.ZMNetworkTests;
				PRODUCT_NAME = "$(TARGET_NAME)";
				TARGETED_DEVICE_FAMILY = "1,2";
				TEST_HOST = "$(BUILT_PRODUCTS_DIR)/ZMNetwork.app/ZMNetwork";
			};
			name = Release;
		};
		340BD43E1F7A34210035BE31 /* Debug */ = {
			isa = XCBuildConfiguration;
			buildSettings = {
				CODE_SIGN_STYLE = Automatic;
				INFOPLIST_FILE = ZMNetworkUITests/Info.plist;
				LD_RUNPATH_SEARCH_PATHS = "$(inherited) @executable_path/Frameworks @loader_path/Frameworks";
				PRODUCT_BUNDLE_IDENTIFIER = SZM.ZMNetworkUITests;
				PRODUCT_NAME = "$(TARGET_NAME)";
				TARGETED_DEVICE_FAMILY = "1,2";
				TEST_TARGET_NAME = ZMNetwork;
			};
			name = Debug;
		};
		340BD43F1F7A34210035BE31 /* Release */ = {
			isa = XCBuildConfiguration;
			buildSettings = {
				CODE_SIGN_STYLE = Automatic;
				INFOPLIST_FILE = ZMNetworkUITests/Info.plist;
				LD_RUNPATH_SEARCH_PATHS = "$(inherited) @executable_path/Frameworks @loader_path/Frameworks";
				PRODUCT_BUNDLE_IDENTIFIER = SZM.ZMNetworkUITests;
				PRODUCT_NAME = "$(TARGET_NAME)";
				TARGETED_DEVICE_FAMILY = "1,2";
				TEST_TARGET_NAME = ZMNetwork;
			};
			name = Release;
		};
/* End XCBuildConfiguration section */

/* Begin XCConfigurationList section */
		340BD4061F7A34200035BE31 /* Build configuration list for PBXProject "ZMNetwork" */ = {
			isa = XCConfigurationList;
			buildConfigurations = (
				340BD4351F7A34210035BE31 /* Debug */,
				340BD4361F7A34210035BE31 /* Release */,
			);
			defaultConfigurationIsVisible = 0;
			defaultConfigurationName = Release;
		};
		340BD4371F7A34210035BE31 /* Build configuration list for PBXNativeTarget "ZMNetwork" */ = {
			isa = XCConfigurationList;
			buildConfigurations = (
				340BD4381F7A34210035BE31 /* Debug */,
				340BD4391F7A34210035BE31 /* Release */,
			);
			defaultConfigurationIsVisible = 0;
			defaultConfigurationName = Release;
		};
		340BD43A1F7A34210035BE31 /* Build configuration list for PBXNativeTarget "ZMNetworkTests" */ = {
			isa = XCConfigurationList;
			buildConfigurations = (
				340BD43B1F7A34210035BE31 /* Debug */,
				340BD43C1F7A34210035BE31 /* Release */,
			);
			defaultConfigurationIsVisible = 0;
			defaultConfigurationName = Release;
		};
		340BD43D1F7A34210035BE31 /* Build configuration list for PBXNativeTarget "ZMNetworkUITests" */ = {
			isa = XCConfigurationList;
			buildConfigurations = (
				340BD43E1F7A34210035BE31 /* Debug */,
				340BD43F1F7A34210035BE31 /* Release */,
			);
			defaultConfigurationIsVisible = 0;
			defaultConfigurationName = Release;
		};
/* End XCConfigurationList section */
	};
	rootObject = 340BD4031F7A34200035BE31 /* Project object */;
}
